// !$*UTF8*$!
{
	archiveVersion = 1;
	classes = {
	};
	objectVersion = 46;
	objects = {

/* Begin PBXBuildFile section */
		832FD9EA1C7DDEF60000AEB3 /* IntercomWrapper.m in Sources */ = {isa = PBXBuildFile; fileRef = 832FD9E91C7DDEF60000AEB3 /* IntercomWrapper.m */; };
/* End PBXBuildFile section */

/* Begin PBXCopyFilesBuildPhase section */
		832FD9D91C7DDB6E0000AEB3 /* CopyFiles */ = {
			isa = PBXCopyFilesBuildPhase;
			buildActionMask = 2147483647;
			dstPath = "include/$(PRODUCT_NAME)";
			dstSubfolderSpec = 16;
			files = (
			);
			runOnlyForDeploymentPostprocessing = 0;
		};
/* End PBXCopyFilesBuildPhase section */

/* Begin PBXFileReference section */
		832FD9DB1C7DDB6E0000AEB3 /* libRNIntercom.a */ = {isa = PBXFileReference; explicitFileType = archive.ar; includeInIndex = 0; path = libRNIntercom.a; sourceTree = BUILT_PRODUCTS_DIR; };
		832FD9E81C7DDEF60000AEB3 /* IntercomWrapper.h */ = {isa = PBXFileReference; fileEncoding = 4; lastKnownFileType = sourcecode.c.h; path = IntercomWrapper.h; sourceTree = "<group>"; };
		832FD9E91C7DDEF60000AEB3 /* IntercomWrapper.m */ = {isa = PBXFileReference; fileEncoding = 4; lastKnownFileType = sourcecode.c.objc; path = IntercomWrapper.m; sourceTree = "<group>"; };
/* End PBXFileReference section */

/* Begin PBXFrameworksBuildPhase section */
		832FD9D81C7DDB6E0000AEB3 /* Frameworks */ = {
			isa = PBXFrameworksBuildPhase;
			buildActionMask = 2147483647;
			files = (
			);
			runOnlyForDeploymentPostprocessing = 0;
		};
/* End PBXFrameworksBuildPhase section */

/* Begin PBXGroup section */
		832FD9D21C7DDB6E0000AEB3 = {
			isa = PBXGroup;
			children = (
				832FD9E71C7DDEF60000AEB3 /* iOS */,
				832FD9DC1C7DDB6E0000AEB3 /* Products */,
			);
			sourceTree = "<group>";
		};
		832FD9DC1C7DDB6E0000AEB3 /* Products */ = {
			isa = PBXGroup;
			children = (
				832FD9DB1C7DDB6E0000AEB3 /* libRNIntercom.a */,
			);
			name = Products;
			sourceTree = "<group>";
		};
		832FD9E71C7DDEF60000AEB3 /* iOS */ = {
			isa = PBXGroup;
			children = (
				832FD9E81C7DDEF60000AEB3 /* IntercomWrapper.h */,
				832FD9E91C7DDEF60000AEB3 /* IntercomWrapper.m */,
			);
			path = iOS;
			sourceTree = "<group>";
		};
/* End PBXGroup section */

/* Begin PBXNativeTarget section */
		832FD9DA1C7DDB6E0000AEB3 /* RNIntercom */ = {
			isa = PBXNativeTarget;
			buildConfigurationList = 832FD9E41C7DDB6E0000AEB3 /* Build configuration list for PBXNativeTarget "RNIntercom" */;
			buildPhases = (
				832FD9D71C7DDB6E0000AEB3 /* Sources */,
				832FD9D81C7DDB6E0000AEB3 /* Frameworks */,
				832FD9D91C7DDB6E0000AEB3 /* CopyFiles */,
			);
			buildRules = (
			);
			dependencies = (
			);
			name = RNIntercom;
			productName = RNIntercom;
			productReference = 832FD9DB1C7DDB6E0000AEB3 /* libRNIntercom.a */;
			productType = "com.apple.product-type.library.static";
		};
/* End PBXNativeTarget section */

/* Begin PBXProject section */
		832FD9D31C7DDB6E0000AEB3 /* Project object */ = {
			isa = PBXProject;
			attributes = {
				LastUpgradeCheck = 0720;
				ORGANIZATIONNAME = manandmoon;
				TargetAttributes = {
					832FD9DA1C7DDB6E0000AEB3 = {
						CreatedOnToolsVersion = 7.2.1;
					};
				};
			};
			buildConfigurationList = 832FD9D61C7DDB6E0000AEB3 /* Build configuration list for PBXProject "RNIntercom" */;
			compatibilityVersion = "Xcode 3.2";
			developmentRegion = English;
			hasScannedForEncodings = 0;
			knownRegions = (
				en,
			);
			mainGroup = 832FD9D21C7DDB6E0000AEB3;
			productRefGroup = 832FD9DC1C7DDB6E0000AEB3 /* Products */;
			projectDirPath = "";
			projectRoot = "";
			targets = (
				832FD9DA1C7DDB6E0000AEB3 /* RNIntercom */,
			);
		};
/* End PBXProject section */

/* Begin PBXSourcesBuildPhase section */
		832FD9D71C7DDB6E0000AEB3 /* Sources */ = {
			isa = PBXSourcesBuildPhase;
			buildActionMask = 2147483647;
			files = (
				832FD9EA1C7DDEF60000AEB3 /* IntercomWrapper.m in Sources */,
			);
			runOnlyForDeploymentPostprocessing = 0;
		};
/* End PBXSourcesBuildPhase section */

/* Begin XCBuildConfiguration section */
		832FD9E21C7DDB6E0000AEB3 /* Debug */ = {
			isa = XCBuildConfiguration;
			buildSettings = {
				ALWAYS_SEARCH_USER_PATHS = NO;
				CLANG_CXX_LANGUAGE_STANDARD = "gnu++0x";
				CLANG_CXX_LIBRARY = "libc++";
				CLANG_ENABLE_MODULES = YES;
				CLANG_ENABLE_OBJC_ARC = YES;
				CLANG_WARN_BOOL_CONVERSION = YES;
				CLANG_WARN_CONSTANT_CONVERSION = YES;
				CLANG_WARN_DIRECT_OBJC_ISA_USAGE = YES_ERROR;
				CLANG_WARN_EMPTY_BODY = YES;
				CLANG_WARN_ENUM_CONVERSION = YES;
				CLANG_WARN_INT_CONVERSION = YES;
				CLANG_WARN_OBJC_ROOT_CLASS = YES_ERROR;
				CLANG_WARN_UNREACHABLE_CODE = YES;
				CLANG_WARN__DUPLICATE_METHOD_MATCH = YES;
				"CODE_SIGN_IDENTITY[sdk=iphoneos*]" = "iPhone Developer";
				COPY_PHASE_STRIP = NO;
				DEBUG_INFORMATION_FORMAT = dwarf;
				ENABLE_STRICT_OBJC_MSGSEND = YES;
				ENABLE_TESTABILITY = YES;
				GCC_C_LANGUAGE_STANDARD = gnu99;
				GCC_DYNAMIC_NO_PIC = NO;
				GCC_NO_COMMON_BLOCKS = YES;
				GCC_OPTIMIZATION_LEVEL = 0;
				GCC_PREPROCESSOR_DEFINITIONS = (
					"DEBUG=1",
					"$(inherited)",
				);
				GCC_WARN_64_TO_32_BIT_CONVERSION = YES;
				GCC_WARN_ABOUT_RETURN_TYPE = YES_ERROR;
				GCC_WARN_UNDECLARED_SELECTOR = YES;
				GCC_WARN_UNINITIALIZED_AUTOS = YES_AGGRESSIVE;
				GCC_WARN_UNUSED_FUNCTION = YES;
				GCC_WARN_UNUSED_VARIABLE = YES;
				IPHONEOS_DEPLOYMENT_TARGET = 8.0;
				MTL_ENABLE_DEBUG_INFO = YES;
				ONLY_ACTIVE_ARCH = YES;
				SDKROOT = iphoneos;
			};
			name = Debug;
		};
		832FD9E31C7DDB6E0000AEB3 /* Release */ = {
			isa = XCBuildConfiguration;
			buildSettings = {
				ALWAYS_SEARCH_USER_PATHS = NO;
				CLANG_CXX_LANGUAGE_STANDARD = "gnu++0x";
				CLANG_CXX_LIBRARY = "libc++";
				CLANG_ENABLE_MODULES = YES;
				CLANG_ENABLE_OBJC_ARC = YES;
				CLANG_WARN_BOOL_CONVERSION = YES;
				CLANG_WARN_CONSTANT_CONVERSION = YES;
				CLANG_WARN_DIRECT_OBJC_ISA_USAGE = YES_ERROR;
				CLANG_WARN_EMPTY_BODY = YES;
				CLANG_WARN_ENUM_CONVERSION = YES;
				CLANG_WARN_INT_CONVERSION = YES;
				CLANG_WARN_OBJC_ROOT_CLASS = YES_ERROR;
				CLANG_WARN_UNREACHABLE_CODE = YES;
				CLANG_WARN__DUPLICATE_METHOD_MATCH = YES;
				"CODE_SIGN_IDENTITY[sdk=iphoneos*]" = "iPhone Developer";
				COPY_PHASE_STRIP = NO;
				DEBUG_INFORMATION_FORMAT = "dwarf-with-dsym";
				ENABLE_NS_ASSERTIONS = NO;
				ENABLE_STRICT_OBJC_MSGSEND = YES;
				GCC_C_LANGUAGE_STANDARD = gnu99;
				GCC_NO_COMMON_BLOCKS = YES;
				GCC_WARN_64_TO_32_BIT_CONVERSION = YES;
				GCC_WARN_ABOUT_RETURN_TYPE = YES_ERROR;
				GCC_WARN_UNDECLARED_SELECTOR = YES;
				GCC_WARN_UNINITIALIZED_AUTOS = YES_AGGRESSIVE;
				GCC_WARN_UNUSED_FUNCTION = YES;
				GCC_WARN_UNUSED_VARIABLE = YES;
				IPHONEOS_DEPLOYMENT_TARGET = 8.0;
				MTL_ENABLE_DEBUG_INFO = NO;
				SDKROOT = iphoneos;
				VALIDATE_PRODUCT = YES;
			};
			name = Release;
		};
		832FD9E51C7DDB6E0000AEB3 /* Debug */ = {
			isa = XCBuildConfiguration;
			buildSettings = {
				ALWAYS_SEARCH_USER_PATHS = YES;
				OTHER_LDFLAGS = "-ObjC";
				PRODUCT_NAME = "$(TARGET_NAME)";
				SKIP_INSTALL = YES;
				USER_HEADER_SEARCH_PATHS = "$(SRCROOT)/../node_modules/react-native/React/**";
			};
			name = Debug;
		};
		832FD9E61C7DDB6E0000AEB3 /* Release */ = {
			isa = XCBuildConfiguration;
			buildSettings = {
				ALWAYS_SEARCH_USER_PATHS = YES;
				OTHER_LDFLAGS = "-ObjC";
				PRODUCT_NAME = "$(TARGET_NAME)";
				SKIP_INSTALL = YES;
				USER_HEADER_SEARCH_PATHS = "$(SRCROOT)/../node_modules/react-native/React/**";
			};
			name = Release;
		};
/* End XCBuildConfiguration section */

/* Begin XCConfigurationList section */
		832FD9D61C7DDB6E0000AEB3 /* Build configuration list for PBXProject "RNIntercom" */ = {
			isa = XCConfigurationList;
			buildConfigurations = (
				832FD9E21C7DDB6E0000AEB3 /* Debug */,
				832FD9E31C7DDB6E0000AEB3 /* Release */,
			);
			defaultConfigurationIsVisible = 0;
			defaultConfigurationName = Release;
		};
		832FD9E41C7DDB6E0000AEB3 /* Build configuration list for PBXNativeTarget "RNIntercom" */ = {
			isa = XCConfigurationList;
			buildConfigurations = (
				832FD9E51C7DDB6E0000AEB3 /* Debug */,
				832FD9E61C7DDB6E0000AEB3 /* Release */,
			);
			defaultConfigurationIsVisible = 0;
			defaultConfigurationName = Release;
		};
/* End XCConfigurationList section */
	};
	rootObject = 832FD9D31C7DDB6E0000AEB3 /* Project object */;
}
